
Microsoft Visual Studio Solution File, Format Version 12.00
# Visual Studio Version 17
VisualStudioVersion = 17.10.34928.147
MinimumVisualStudioVersion = 10.0.40219.1
Project("{FAE04EC0-301F-11D3-BF4B-00C04F79EFBC}") = "PPPP", "PPPP\PPPP.csproj", "{BE4438E7-1506-4782-9819-75F7E1395FE0}"
EndProject
Global
	GlobalSection(SolutionConfigurationPlatforms) = preSolution
		Debug|Any CPU = Debug|Any CPU
		Release|Any CPU = Release|Any CPU
	EndGlobalSection
	GlobalSection(ProjectConfigurationPlatforms) = postSolution
		{BE4438E7-1506-4782-9819-75F7E1395FE0}.Debug|Any CPU.ActiveCfg = Debug|Any CPU
		{BE4438E7-1506-4782-9819-75F7E1395FE0}.Debug|Any CPU.Build.0 = Debug|Any CPU
		{BE4438E7-1506-4782-9819-75F7E1395FE0}.Release|Any CPU.ActiveCfg = Release|Any CPU
		{BE4438E7-1506-4782-9819-75F7E1395FE0}.Release|Any CPU.Build.0 = Release|Any CPU
	EndGlobalSection
	GlobalSection(SolutionProperties) = preSolution
		HideSolutionNode = FALSE
	EndGlobalSection
	GlobalSection(ExtensibilityGlobals) = postSolution
		SolutionGuid = {14A0AA93-8048-474C-9495-FD0017FAFBE1}
	EndGlobalSection
EndGlobal
